{

  "originHash" : "17192962f26c6210d3e97670808561f8cd736f97fb45212d1017b119c4b3e112",

  "pins" : [
    {
      "identity" : "openai",
      "kind" : "remoteSourceControl",
      "location" : "https://github.com/MacPaw/OpenAI.git",
      "state" : {
        "revision" : "35afc9a6ee127b8f22a85a31aec2036a987478af",
        "version" : "0.2.6"
      }

    },
  ],
  "version" : 3
}
